
Microsoft Visual Studio Solution File, Format Version 12.00
# Visual Studio Version 16
VisualStudioVersion = 16.0.31019.35
MinimumVisualStudioVersion = 10.0.40219.1
Project("{FAE04EC0-301F-11D3-BF4B-00C04F79EFBC}") = "RazorPagesMovie", "RazorPagesMovie.csproj", "{A8BAEF75-6DFA-4628-8F66-FEFF4786F3CA}"
EndProject
Global
	GlobalSection(SolutionConfigurationPlatforms) = preSolution
		Debug|Any CPU = Debug|Any CPU
		Release|Any CPU = Release|Any CPU
	EndGlobalSection
	GlobalSection(ProjectConfigurationPlatforms) = postSolution
		{A8BAEF75-6DFA-4628-8F66-FEFF4786F3CA}.Debug|Any CPU.ActiveCfg = Debug|Any CPU
		{A8BAEF75-6DFA-4628-8F66-FEFF4786F3CA}.Debug|Any CPU.Build.0 = Debug|Any CPU
		{A8BAEF75-6DFA-4628-8F66-FEFF4786F3CA}.Release|Any CPU.ActiveCfg = Release|Any CPU
		{A8BAEF75-6DFA-4628-8F66-FEFF4786F3CA}.Release|Any CPU.Build.0 = Release|Any CPU
	EndGlobalSection
	GlobalSection(SolutionProperties) = preSolution
		HideSolutionNode = FALSE
	EndGlobalSection
	GlobalSection(ExtensibilityGlobals) = postSolution
		SolutionGuid = {1BC7E787-6BD5-472B-AD5F-4986BAF22073}
	EndGlobalSection
EndGlobal
